
Microsoft Visual Studio Solution File, Format Version 11.00
# Visual Studio 2010
Project("{FAE04EC0-301F-11D3-BF4B-00C04F79EFBC}") = "Assembly-CSharp", "Assembly-CSharp.csproj", "{d793dfb9-7dc2-7fda-e48e-5ef01a83036d}"
EndProject
Project("{FAE04EC0-301F-11D3-BF4B-00C04F79EFBC}") = "Assembly-CSharp-Editor", "Assembly-CSharp-Editor.csproj", "{2d412cc7-db1f-1b71-dbde-612a9b299077}"
EndProject
Global
	GlobalSection(SolutionConfigurationPlatforms) = preSolution
		Debug|Any CPU = Debug|Any CPU
		Release|Any CPU = Release|Any CPU
	EndGlobalSection
	GlobalSection(ProjectConfigurationPlatforms) = postSolution
		{d793dfb9-7dc2-7fda-e48e-5ef01a83036d}.Debug|Any CPU.ActiveCfg = Debug|Any CPU
		{d793dfb9-7dc2-7fda-e48e-5ef01a83036d}.Debug|Any CPU.Build.0 = Debug|Any CPU
		{d793dfb9-7dc2-7fda-e48e-5ef01a83036d}.Release|Any CPU.ActiveCfg = Release|Any CPU
		{d793dfb9-7dc2-7fda-e48e-5ef01a83036d}.Release|Any CPU.Build.0 = Release|Any CPU
		{2d412cc7-db1f-1b71-dbde-612a9b299077}.Debug|Any CPU.ActiveCfg = Debug|Any CPU
		{2d412cc7-db1f-1b71-dbde-612a9b299077}.Debug|Any CPU.Build.0 = Debug|Any CPU
		{2d412cc7-db1f-1b71-dbde-612a9b299077}.Release|Any CPU.ActiveCfg = Release|Any CPU
		{2d412cc7-db1f-1b71-dbde-612a9b299077}.Release|Any CPU.Build.0 = Release|Any CPU
	EndGlobalSection
	GlobalSection(SolutionProperties) = preSolution
		HideSolutionNode = FALSE
	EndGlobalSection
EndGlobal
